
Microsoft Visual Studio Solution File, Format Version 12.00
# Visual Studio 2013
VisualStudioVersion = 12.0.21005.1
MinimumVisualStudioVersion = 10.0.40219.1
Project("{FAE04EC0-301F-11D3-BF4B-00C04F79EFBC}") = "Creatures", "Creatures\Creatures.csproj", "{0264FBEB-A516-4BF3-B58F-17BD2BE08C4B}"
EndProject
Project("{FAE04EC0-301F-11D3-BF4B-00C04F79EFBC}") = "Powers", "Powers\Powers.csproj", "{D299AC50-20E3-45A0-AA46-167D14B2C14C}"
EndProject
Project("{FAE04EC0-301F-11D3-BF4B-00C04F79EFBC}") = "WorldMap", "WorldMap\WorldMap.csproj", "{31C9EA20-2F63-421D-AFCB-B3125E143FE2}"
EndProject
Global
	GlobalSection(SolutionConfigurationPlatforms) = preSolution
		Debug|Any CPU = Debug|Any CPU
		Release|Any CPU = Release|Any CPU
	EndGlobalSection
	GlobalSection(ProjectConfigurationPlatforms) = postSolution
		{0264FBEB-A516-4BF3-B58F-17BD2BE08C4B}.Debug|Any CPU.ActiveCfg = Debug|Any CPU
		{0264FBEB-A516-4BF3-B58F-17BD2BE08C4B}.Debug|Any CPU.Build.0 = Debug|Any CPU
		{0264FBEB-A516-4BF3-B58F-17BD2BE08C4B}.Release|Any CPU.ActiveCfg = Release|Any CPU
		{0264FBEB-A516-4BF3-B58F-17BD2BE08C4B}.Release|Any CPU.Build.0 = Release|Any CPU
		{D299AC50-20E3-45A0-AA46-167D14B2C14C}.Debug|Any CPU.ActiveCfg = Debug|Any CPU
		{D299AC50-20E3-45A0-AA46-167D14B2C14C}.Debug|Any CPU.Build.0 = Debug|Any CPU
		{D299AC50-20E3-45A0-AA46-167D14B2C14C}.Release|Any CPU.ActiveCfg = Release|Any CPU
		{D299AC50-20E3-45A0-AA46-167D14B2C14C}.Release|Any CPU.Build.0 = Release|Any CPU
		{31C9EA20-2F63-421D-AFCB-B3125E143FE2}.Debug|Any CPU.ActiveCfg = Debug|Any CPU
		{31C9EA20-2F63-421D-AFCB-B3125E143FE2}.Debug|Any CPU.Build.0 = Debug|Any CPU
		{31C9EA20-2F63-421D-AFCB-B3125E143FE2}.Release|Any CPU.ActiveCfg = Release|Any CPU
		{31C9EA20-2F63-421D-AFCB-B3125E143FE2}.Release|Any CPU.Build.0 = Release|Any CPU
	EndGlobalSection
	GlobalSection(SolutionProperties) = preSolution
		HideSolutionNode = FALSE
	EndGlobalSection
EndGlobal
